
Microsoft Visual Studio Solution File, Format Version 12.00
# Visual Studio Version 16
VisualStudioVersion = 16.0.30011.22
MinimumVisualStudioVersion = 10.0.40219.1
Project("{FAE04EC0-301F-11D3-BF4B-00C04F79EFBC}") = "Entities", "Entities\Entities.csproj", "{9DA04C4E-29C3-43E0-BD0B-87C3258BB0AF}"
EndProject
Project("{FAE04EC0-301F-11D3-BF4B-00C04F79EFBC}") = "DataAccess", "DataAccess\DataAccess.csproj", "{3267F995-BB5E-4BB1-A1C6-3658950A9645}"
EndProject
Project("{FAE04EC0-301F-11D3-BF4B-00C04F79EFBC}") = "Business", "Business\Business.csproj", "{4BC97252-B265-4867-9475-94A727BB6B58}"
EndProject
Project("{FAE04EC0-301F-11D3-BF4B-00C04F79EFBC}") = "Core", "Core\Core.csproj", "{8DC69E0E-96EE-4A99-A210-109B0EE708A2}"
EndProject
Project("{FAE04EC0-301F-11D3-BF4B-00C04F79EFBC}") = "WebAPI", "WebAPI\WebAPI.csproj", "{98C0CB3E-92BF-4F98-9E25-C2A9CE6471E6}"
EndProject
Global
	GlobalSection(SolutionConfigurationPlatforms) = preSolution
		Debug|Any CPU = Debug|Any CPU
		Release|Any CPU = Release|Any CPU
	EndGlobalSection
	GlobalSection(ProjectConfigurationPlatforms) = postSolution
		{9DA04C4E-29C3-43E0-BD0B-87C3258BB0AF}.Debug|Any CPU.ActiveCfg = Debug|Any CPU
		{9DA04C4E-29C3-43E0-BD0B-87C3258BB0AF}.Debug|Any CPU.Build.0 = Debug|Any CPU
		{9DA04C4E-29C3-43E0-BD0B-87C3258BB0AF}.Release|Any CPU.ActiveCfg = Release|Any CPU
		{9DA04C4E-29C3-43E0-BD0B-87C3258BB0AF}.Release|Any CPU.Build.0 = Release|Any CPU
		{3267F995-BB5E-4BB1-A1C6-3658950A9645}.Debug|Any CPU.ActiveCfg = Debug|Any CPU
		{3267F995-BB5E-4BB1-A1C6-3658950A9645}.Debug|Any CPU.Build.0 = Debug|Any CPU
		{3267F995-BB5E-4BB1-A1C6-3658950A9645}.Release|Any CPU.ActiveCfg = Release|Any CPU
		{3267F995-BB5E-4BB1-A1C6-3658950A9645}.Release|Any CPU.Build.0 = Release|Any CPU
		{4BC97252-B265-4867-9475-94A727BB6B58}.Debug|Any CPU.ActiveCfg = Debug|Any CPU
		{4BC97252-B265-4867-9475-94A727BB6B58}.Debug|Any CPU.Build.0 = Debug|Any CPU
		{4BC97252-B265-4867-9475-94A727BB6B58}.Release|Any CPU.ActiveCfg = Release|Any CPU
		{4BC97252-B265-4867-9475-94A727BB6B58}.Release|Any CPU.Build.0 = Release|Any CPU
		{8DC69E0E-96EE-4A99-A210-109B0EE708A2}.Debug|Any CPU.ActiveCfg = Debug|Any CPU
		{8DC69E0E-96EE-4A99-A210-109B0EE708A2}.Debug|Any CPU.Build.0 = Debug|Any CPU
		{8DC69E0E-96EE-4A99-A210-109B0EE708A2}.Release|Any CPU.ActiveCfg = Release|Any CPU
		{8DC69E0E-96EE-4A99-A210-109B0EE708A2}.Release|Any CPU.Build.0 = Release|Any CPU
		{98C0CB3E-92BF-4F98-9E25-C2A9CE6471E6}.Debug|Any CPU.ActiveCfg = Debug|Any CPU
		{98C0CB3E-92BF-4F98-9E25-C2A9CE6471E6}.Debug|Any CPU.Build.0 = Debug|Any CPU
		{98C0CB3E-92BF-4F98-9E25-C2A9CE6471E6}.Release|Any CPU.ActiveCfg = Release|Any CPU
		{98C0CB3E-92BF-4F98-9E25-C2A9CE6471E6}.Release|Any CPU.Build.0 = Release|Any CPU
	EndGlobalSection
	GlobalSection(SolutionProperties) = preSolution
		HideSolutionNode = FALSE
	EndGlobalSection
	GlobalSection(ExtensibilityGlobals) = postSolution
		SolutionGuid = {8B3EBED4-50A9-4F2A-B0F6-43F80CFC3219}
	EndGlobalSection
EndGlobal
